
Microsoft Visual Studio Solution File, Format Version 12.00
# Visual Studio Version 17
VisualStudioVersion = 17.5.002.0
MinimumVisualStudioVersion = 10.0.40219.1
Project("{9A19103F-16F7-4668-BE54-9A1E7A4F7556}") = "Proje11_Collections", "Proje11_Collections.csproj", "{8A9D68FC-86E3-44D6-80B8-63A6E4F49484}"
EndProject
Global
	GlobalSection(SolutionConfigurationPlatforms) = preSolution
		Debug|Any CPU = Debug|Any CPU
		Release|Any CPU = Release|Any CPU
	EndGlobalSection
	GlobalSection(ProjectConfigurationPlatforms) = postSolution
		{8A9D68FC-86E3-44D6-80B8-63A6E4F49484}.Debug|Any CPU.ActiveCfg = Debug|Any CPU
		{8A9D68FC-86E3-44D6-80B8-63A6E4F49484}.Debug|Any CPU.Build.0 = Debug|Any CPU
		{8A9D68FC-86E3-44D6-80B8-63A6E4F49484}.Release|Any CPU.ActiveCfg = Release|Any CPU
		{8A9D68FC-86E3-44D6-80B8-63A6E4F49484}.Release|Any CPU.Build.0 = Release|Any CPU
	EndGlobalSection
	GlobalSection(SolutionProperties) = preSolution
		HideSolutionNode = FALSE
	EndGlobalSection
	GlobalSection(ExtensibilityGlobals) = postSolution
		SolutionGuid = {7452E61A-0B62-4D03-AABC-675BC88D0599}
	EndGlobalSection
EndGlobal
